// !$*UTF8*$!
{
	archiveVersion = 1;
	classes = {
	};
	objectVersion = 46;
	objects = {

/* Begin PBXBuildFile section */
		500E79101E75CD5600857C92 /* MockCMAccelerometerDataTests.swift in Sources */ = {isa = PBXBuildFile; fileRef = 500E790F1E75CD5600857C92 /* MockCMAccelerometerDataTests.swift */; };
		500E79121E75D05200857C92 /* MockCMAltimeterTests.swift in Sources */ = {isa = PBXBuildFile; fileRef = 500E79111E75D05200857C92 /* MockCMAltimeterTests.swift */; };
		9DC4811B1E77DE59007DE310 /* MockCMDeviceMotionTests.swift in Sources */ = {isa = PBXBuildFile; fileRef = 9DC4811A1E77DE59007DE310 /* MockCMDeviceMotionTests.swift */; };
		9DDC82D21E74CBA8008EF52C /* MockCoreMotion.framework in Frameworks */ = {isa = PBXBuildFile; fileRef = 9DDC82C81E74CBA8008EF52C /* MockCoreMotion.framework */; };
		9DDC82D71E74CBA8008EF52C /* MockCoreMotionTests.swift in Sources */ = {isa = PBXBuildFile; fileRef = 9DDC82D61E74CBA8008EF52C /* MockCoreMotionTests.swift */; };
		9DDC82D91E74CBA8008EF52C /* MockCoreMotion.h in Headers */ = {isa = PBXBuildFile; fileRef = 9DDC82CB1E74CBA8008EF52C /* MockCoreMotion.h */; settings = {ATTRIBUTES = (Public, ); }; };
		9DDC82E41E74CC8C008EF52C /* CoreMotion.framework in Frameworks */ = {isa = PBXBuildFile; fileRef = 9DDC82E31E74CC8C008EF52C /* CoreMotion.framework */; };
		9DDC82E61E74CD0D008EF52C /* MockCMAccelerometerData.swift in Sources */ = {isa = PBXBuildFile; fileRef = 9DDC82E51E74CD0D008EF52C /* MockCMAccelerometerData.swift */; };
		9DDC82E81E752D76008EF52C /* MockCMAltimeter.swift in Sources */ = {isa = PBXBuildFile; fileRef = 9DDC82E71E752D76008EF52C /* MockCMAltimeter.swift */; };
		9DDC82EA1E752D95008EF52C /* MockCMAltitudeData.swift in Sources */ = {isa = PBXBuildFile; fileRef = 9DDC82E91E752D95008EF52C /* MockCMAltitudeData.swift */; };
		9DDC82EC1E752DA5008EF52C /* MockCMAttitude.swift in Sources */ = {isa = PBXBuildFile; fileRef = 9DDC82EB1E752DA5008EF52C /* MockCMAttitude.swift */; };
		9DDC82EE1E752DB6008EF52C /* MockCMDeviceMotion.swift in Sources */ = {isa = PBXBuildFile; fileRef = 9DDC82ED1E752DB6008EF52C /* MockCMDeviceMotion.swift */; };
		9DDC82F01E752DC1008EF52C /* MockCMGyroData.swift in Sources */ = {isa = PBXBuildFile; fileRef = 9DDC82EF1E752DC1008EF52C /* MockCMGyroData.swift */; };
		9DDC82F21E752DCB008EF52C /* MockCMLogItem.swift in Sources */ = {isa = PBXBuildFile; fileRef = 9DDC82F11E752DCB008EF52C /* MockCMLogItem.swift */; };
		9DDC82F41E752DD6008EF52C /* MockCMMagnetometerData.swift in Sources */ = {isa = PBXBuildFile; fileRef = 9DDC82F31E752DD6008EF52C /* MockCMMagnetometerData.swift */; };
		9DDC82F61E752DDF008EF52C /* MockCMMotionActivity.swift in Sources */ = {isa = PBXBuildFile; fileRef = 9DDC82F51E752DDF008EF52C /* MockCMMotionActivity.swift */; };
		9DDC82F81E752DFE008EF52C /* MockCMMotionActivityManager.swift in Sources */ = {isa = PBXBuildFile; fileRef = 9DDC82F71E752DFE008EF52C /* MockCMMotionActivityManager.swift */; };
		9DDC82FA1E752E07008EF52C /* MockCMMotionManager.swift in Sources */ = {isa = PBXBuildFile; fileRef = 9DDC82F91E752E07008EF52C /* MockCMMotionManager.swift */; };
		9DDC82FC1E752E11008EF52C /* MockCMPedometer.swift in Sources */ = {isa = PBXBuildFile; fileRef = 9DDC82FB1E752E11008EF52C /* MockCMPedometer.swift */; };
		9DDC82FE1E752E1E008EF52C /* MockCMPedometerData.swift in Sources */ = {isa = PBXBuildFile; fileRef = 9DDC82FD1E752E1E008EF52C /* MockCMPedometerData.swift */; };
		9DDC83001E752E5A008EF52C /* MockCMPedometerEvent.swift in Sources */ = {isa = PBXBuildFile; fileRef = 9DDC82FF1E752E5A008EF52C /* MockCMPedometerEvent.swift */; };
		9DDC83021E752E63008EF52C /* MockCMRecordedAccelerometerData.swift in Sources */ = {isa = PBXBuildFile; fileRef = 9DDC83011E752E63008EF52C /* MockCMRecordedAccelerometerData.swift */; };
		9DDC83041E752E6E008EF52C /* MockCMSensorDataList.swift in Sources */ = {isa = PBXBuildFile; fileRef = 9DDC83031E752E6E008EF52C /* MockCMSensorDataList.swift */; };
		9DDC83061E752E7A008EF52C /* MockCMSensorRecorder.swift in Sources */ = {isa = PBXBuildFile; fileRef = 9DDC83051E752E7A008EF52C /* MockCMSensorRecorder.swift */; };
		9DDC830A1E7663F8008EF52C /* MockCMAltitudeDataTests.swift in Sources */ = {isa = PBXBuildFile; fileRef = 9DDC83091E7663F8008EF52C /* MockCMAltitudeDataTests.swift */; };
		9DDC830C1E76704E008EF52C /* MockCMAttitudeTests.swift in Sources */ = {isa = PBXBuildFile; fileRef = 9DDC830B1E76704E008EF52C /* MockCMAttitudeTests.swift */; };
/* End PBXBuildFile section */

/* Begin PBXContainerItemProxy section */
		9DDC82D31E74CBA8008EF52C /* PBXContainerItemProxy */ = {
			isa = PBXContainerItemProxy;
			containerPortal = 9DDC82BF1E74CBA8008EF52C /* Project object */;
			proxyType = 1;
			remoteGlobalIDString = 9DDC82C71E74CBA8008EF52C;
			remoteInfo = MockCoreMotion;
		};
/* End PBXContainerItemProxy section */

/* Begin PBXFileReference section */
		500E790F1E75CD5600857C92 /* MockCMAccelerometerDataTests.swift */ = {isa = PBXFileReference; fileEncoding = 4; lastKnownFileType = sourcecode.swift; path = MockCMAccelerometerDataTests.swift; sourceTree = "<group>"; };
		500E79111E75D05200857C92 /* MockCMAltimeterTests.swift */ = {isa = PBXFileReference; fileEncoding = 4; lastKnownFileType = sourcecode.swift; path = MockCMAltimeterTests.swift; sourceTree = "<group>"; };
		9DC4811A1E77DE59007DE310 /* MockCMDeviceMotionTests.swift */ = {isa = PBXFileReference; fileEncoding = 4; lastKnownFileType = sourcecode.swift; path = MockCMDeviceMotionTests.swift; sourceTree = "<group>"; };
		9DDC82C81E74CBA8008EF52C /* MockCoreMotion.framework */ = {isa = PBXFileReference; explicitFileType = wrapper.framework; includeInIndex = 0; path = MockCoreMotion.framework; sourceTree = BUILT_PRODUCTS_DIR; };
		9DDC82CB1E74CBA8008EF52C /* MockCoreMotion.h */ = {isa = PBXFileReference; lastKnownFileType = sourcecode.c.h; path = MockCoreMotion.h; sourceTree = "<group>"; };
		9DDC82CC1E74CBA8008EF52C /* Info.plist */ = {isa = PBXFileReference; lastKnownFileType = text.plist.xml; path = Info.plist; sourceTree = "<group>"; };
		9DDC82D11E74CBA8008EF52C /* MockCoreMotionTests.xctest */ = {isa = PBXFileReference; explicitFileType = wrapper.cfbundle; includeInIndex = 0; path = MockCoreMotionTests.xctest; sourceTree = BUILT_PRODUCTS_DIR; };
		9DDC82D61E74CBA8008EF52C /* MockCoreMotionTests.swift */ = {isa = PBXFileReference; lastKnownFileType = sourcecode.swift; path = MockCoreMotionTests.swift; sourceTree = "<group>"; };
		9DDC82D81E74CBA8008EF52C /* Info.plist */ = {isa = PBXFileReference; lastKnownFileType = text.plist.xml; path = Info.plist; sourceTree = "<group>"; };
		9DDC82E31E74CC8C008EF52C /* CoreMotion.framework */ = {isa = PBXFileReference; lastKnownFileType = wrapper.framework; name = CoreMotion.framework; path = System/Library/Frameworks/CoreMotion.framework; sourceTree = SDKROOT; };
		9DDC82E51E74CD0D008EF52C /* MockCMAccelerometerData.swift */ = {isa = PBXFileReference; fileEncoding = 4; lastKnownFileType = sourcecode.swift; path = MockCMAccelerometerData.swift; sourceTree = "<group>"; };
		9DDC82E71E752D76008EF52C /* MockCMAltimeter.swift */ = {isa = PBXFileReference; fileEncoding = 4; lastKnownFileType = sourcecode.swift; path = MockCMAltimeter.swift; sourceTree = "<group>"; };
		9DDC82E91E752D95008EF52C /* MockCMAltitudeData.swift */ = {isa = PBXFileReference; fileEncoding = 4; lastKnownFileType = sourcecode.swift; path = MockCMAltitudeData.swift; sourceTree = "<group>"; };
		9DDC82EB1E752DA5008EF52C /* MockCMAttitude.swift */ = {isa = PBXFileReference; fileEncoding = 4; lastKnownFileType = sourcecode.swift; path = MockCMAttitude.swift; sourceTree = "<group>"; };
		9DDC82ED1E752DB6008EF52C /* MockCMDeviceMotion.swift */ = {isa = PBXFileReference; fileEncoding = 4; lastKnownFileType = sourcecode.swift; path = MockCMDeviceMotion.swift; sourceTree = "<group>"; };
		9DDC82EF1E752DC1008EF52C /* MockCMGyroData.swift */ = {isa = PBXFileReference; fileEncoding = 4; lastKnownFileType = sourcecode.swift; path = MockCMGyroData.swift; sourceTree = "<group>"; };
		9DDC82F11E752DCB008EF52C /* MockCMLogItem.swift */ = {isa = PBXFileReference; fileEncoding = 4; lastKnownFileType = sourcecode.swift; path = MockCMLogItem.swift; sourceTree = "<group>"; };
		9DDC82F31E752DD6008EF52C /* MockCMMagnetometerData.swift */ = {isa = PBXFileReference; fileEncoding = 4; lastKnownFileType = sourcecode.swift; path = MockCMMagnetometerData.swift; sourceTree = "<group>"; };
		9DDC82F51E752DDF008EF52C /* MockCMMotionActivity.swift */ = {isa = PBXFileReference; fileEncoding = 4; lastKnownFileType = sourcecode.swift; path = MockCMMotionActivity.swift; sourceTree = "<group>"; };
		9DDC82F71E752DFE008EF52C /* MockCMMotionActivityManager.swift */ = {isa = PBXFileReference; fileEncoding = 4; lastKnownFileType = sourcecode.swift; path = MockCMMotionActivityManager.swift; sourceTree = "<group>"; };
		9DDC82F91E752E07008EF52C /* MockCMMotionManager.swift */ = {isa = PBXFileReference; fileEncoding = 4; lastKnownFileType = sourcecode.swift; path = MockCMMotionManager.swift; sourceTree = "<group>"; };
		9DDC82FB1E752E11008EF52C /* MockCMPedometer.swift */ = {isa = PBXFileReference; fileEncoding = 4; lastKnownFileType = sourcecode.swift; path = MockCMPedometer.swift; sourceTree = "<group>"; };
		9DDC82FD1E752E1E008EF52C /* MockCMPedometerData.swift */ = {isa = PBXFileReference; fileEncoding = 4; lastKnownFileType = sourcecode.swift; path = MockCMPedometerData.swift; sourceTree = "<group>"; };
		9DDC82FF1E752E5A008EF52C /* MockCMPedometerEvent.swift */ = {isa = PBXFileReference; fileEncoding = 4; lastKnownFileType = sourcecode.swift; path = MockCMPedometerEvent.swift; sourceTree = "<group>"; };
		9DDC83011E752E63008EF52C /* MockCMRecordedAccelerometerData.swift */ = {isa = PBXFileReference; fileEncoding = 4; lastKnownFileType = sourcecode.swift; path = MockCMRecordedAccelerometerData.swift; sourceTree = "<group>"; };
		9DDC83031E752E6E008EF52C /* MockCMSensorDataList.swift */ = {isa = PBXFileReference; fileEncoding = 4; lastKnownFileType = sourcecode.swift; path = MockCMSensorDataList.swift; sourceTree = "<group>"; };
		9DDC83051E752E7A008EF52C /* MockCMSensorRecorder.swift */ = {isa = PBXFileReference; fileEncoding = 4; lastKnownFileType = sourcecode.swift; path = MockCMSensorRecorder.swift; sourceTree = "<group>"; };
		9DDC83091E7663F8008EF52C /* MockCMAltitudeDataTests.swift */ = {isa = PBXFileReference; fileEncoding = 4; lastKnownFileType = sourcecode.swift; path = MockCMAltitudeDataTests.swift; sourceTree = "<group>"; };
		9DDC830B1E76704E008EF52C /* MockCMAttitudeTests.swift */ = {isa = PBXFileReference; fileEncoding = 4; lastKnownFileType = sourcecode.swift; path = MockCMAttitudeTests.swift; sourceTree = "<group>"; };
/* End PBXFileReference section */

/* Begin PBXFrameworksBuildPhase section */
		9DDC82C41E74CBA8008EF52C /* Frameworks */ = {
			isa = PBXFrameworksBuildPhase;
			buildActionMask = 2147483647;
			files = (
				9DDC82E41E74CC8C008EF52C /* CoreMotion.framework in Frameworks */,
			);
			runOnlyForDeploymentPostprocessing = 0;
		};
		9DDC82CE1E74CBA8008EF52C /* Frameworks */ = {
			isa = PBXFrameworksBuildPhase;
			buildActionMask = 2147483647;
			files = (
				9DDC82D21E74CBA8008EF52C /* MockCoreMotion.framework in Frameworks */,
			);
			runOnlyForDeploymentPostprocessing = 0;
		};
/* End PBXFrameworksBuildPhase section */

/* Begin PBXGroup section */
		9DDC82BE1E74CBA8008EF52C = {
			isa = PBXGroup;
			children = (
				9DDC82CA1E74CBA8008EF52C /* MockCoreMotion */,
				9DDC82D51E74CBA8008EF52C /* MockCoreMotionTests */,
				9DDC82C91E74CBA8008EF52C /* Products */,
				9DDC82E21E74CC8C008EF52C /* Frameworks */,
			);
			sourceTree = "<group>";
		};
		9DDC82C91E74CBA8008EF52C /* Products */ = {
			isa = PBXGroup;
			children = (
				9DDC82C81E74CBA8008EF52C /* MockCoreMotion.framework */,
				9DDC82D11E74CBA8008EF52C /* MockCoreMotionTests.xctest */,
			);
			name = Products;
			sourceTree = "<group>";
		};
		9DDC82CA1E74CBA8008EF52C /* MockCoreMotion */ = {
			isa = PBXGroup;
			children = (
				9DDC83071E752EF8008EF52C /* Injectables */,
				9DDC83081E752F09008EF52C /* Support Files */,
				9DDC82E51E74CD0D008EF52C /* MockCMAccelerometerData.swift */,
				9DDC82E71E752D76008EF52C /* MockCMAltimeter.swift */,
				9DDC82E91E752D95008EF52C /* MockCMAltitudeData.swift */,
				9DDC82EB1E752DA5008EF52C /* MockCMAttitude.swift */,
				9DDC82ED1E752DB6008EF52C /* MockCMDeviceMotion.swift */,
				9DDC82EF1E752DC1008EF52C /* MockCMGyroData.swift */,
				9DDC82F11E752DCB008EF52C /* MockCMLogItem.swift */,
				9DDC82F31E752DD6008EF52C /* MockCMMagnetometerData.swift */,
				9DDC82F51E752DDF008EF52C /* MockCMMotionActivity.swift */,
				9DDC82F71E752DFE008EF52C /* MockCMMotionActivityManager.swift */,
				9DDC82F91E752E07008EF52C /* MockCMMotionManager.swift */,
				9DDC82FB1E752E11008EF52C /* MockCMPedometer.swift */,
				9DDC82FD1E752E1E008EF52C /* MockCMPedometerData.swift */,
				9DDC82FF1E752E5A008EF52C /* MockCMPedometerEvent.swift */,
				9DDC83011E752E63008EF52C /* MockCMRecordedAccelerometerData.swift */,
				9DDC83031E752E6E008EF52C /* MockCMSensorDataList.swift */,
				9DDC83051E752E7A008EF52C /* MockCMSensorRecorder.swift */,
			);
			path = MockCoreMotion;
			sourceTree = "<group>";
		};
		9DDC82D51E74CBA8008EF52C /* MockCoreMotionTests */ = {
			isa = PBXGroup;
			children = (
				9DDC82D61E74CBA8008EF52C /* MockCoreMotionTests.swift */,
				500E790F1E75CD5600857C92 /* MockCMAccelerometerDataTests.swift */,
				500E79111E75D05200857C92 /* MockCMAltimeterTests.swift */,
				9DDC83091E7663F8008EF52C /* MockCMAltitudeDataTests.swift */,
				9DDC830B1E76704E008EF52C /* MockCMAttitudeTests.swift */,
				9DC4811A1E77DE59007DE310 /* MockCMDeviceMotionTests.swift */,
				9DDC82D81E74CBA8008EF52C /* Info.plist */,
			);
			path = MockCoreMotionTests;
			sourceTree = "<group>";
		};
		9DDC82E21E74CC8C008EF52C /* Frameworks */ = {
			isa = PBXGroup;
			children = (
				9DDC82E31E74CC8C008EF52C /* CoreMotion.framework */,
			);
			name = Frameworks;
			sourceTree = "<group>";
		};
		9DDC83071E752EF8008EF52C /* Injectables */ = {
			isa = PBXGroup;
			children = (
			);
			name = Injectables;
			sourceTree = "<group>";
		};
		9DDC83081E752F09008EF52C /* Support Files */ = {
			isa = PBXGroup;
			children = (
				9DDC82CB1E74CBA8008EF52C /* MockCoreMotion.h */,
				9DDC82CC1E74CBA8008EF52C /* Info.plist */,
			);
			name = "Support Files";
			sourceTree = "<group>";
		};
/* End PBXGroup section */

/* Begin PBXHeadersBuildPhase section */
		9DDC82C51E74CBA8008EF52C /* Headers */ = {
			isa = PBXHeadersBuildPhase;
			buildActionMask = 2147483647;
			files = (
				9DDC82D91E74CBA8008EF52C /* MockCoreMotion.h in Headers */,
			);
			runOnlyForDeploymentPostprocessing = 0;
		};
/* End PBXHeadersBuildPhase section */

/* Begin PBXNativeTarget section */
		9DDC82C71E74CBA8008EF52C /* MockCoreMotion */ = {
			isa = PBXNativeTarget;
			buildConfigurationList = 9DDC82DC1E74CBA8008EF52C /* Build configuration list for PBXNativeTarget "MockCoreMotion" */;
			buildPhases = (
				9DDC82C31E74CBA8008EF52C /* Sources */,
				9DDC82C41E74CBA8008EF52C /* Frameworks */,
				9DDC82C51E74CBA8008EF52C /* Headers */,
				9DDC82C61E74CBA8008EF52C /* Resources */,
			);
			buildRules = (
			);
			dependencies = (
			);
			name = MockCoreMotion;
			productName = MockCoreMotion;
			productReference = 9DDC82C81E74CBA8008EF52C /* MockCoreMotion.framework */;
			productType = "com.apple.product-type.framework";
		};
		9DDC82D01E74CBA8008EF52C /* MockCoreMotionTests */ = {
			isa = PBXNativeTarget;
			buildConfigurationList = 9DDC82DF1E74CBA8008EF52C /* Build configuration list for PBXNativeTarget "MockCoreMotionTests" */;
			buildPhases = (
				9DDC82CD1E74CBA8008EF52C /* Sources */,
				9DDC82CE1E74CBA8008EF52C /* Frameworks */,
				9DDC82CF1E74CBA8008EF52C /* Resources */,
			);
			buildRules = (
			);
			dependencies = (
				9DDC82D41E74CBA8008EF52C /* PBXTargetDependency */,
			);
			name = MockCoreMotionTests;
			productName = MockCoreMotionTests;
			productReference = 9DDC82D11E74CBA8008EF52C /* MockCoreMotionTests.xctest */;
			productType = "com.apple.product-type.bundle.unit-test";
		};
/* End PBXNativeTarget section */

/* Begin PBXProject section */
		9DDC82BF1E74CBA8008EF52C /* Project object */ = {
			isa = PBXProject;
			attributes = {
				LastSwiftUpdateCheck = 0820;
				LastUpgradeCheck = 0820;
				ORGANIZATIONNAME = "Chunyu Ou";
				TargetAttributes = {
					9DDC82C71E74CBA8008EF52C = {
						CreatedOnToolsVersion = 8.2.1;
						DevelopmentTeam = E33XT6TNN9;
						LastSwiftMigration = 0820;
						ProvisioningStyle = Automatic;
					};
					9DDC82D01E74CBA8008EF52C = {
						CreatedOnToolsVersion = 8.2.1;
						DevelopmentTeam = E33XT6TNN9;
						ProvisioningStyle = Automatic;
					};
				};
			};
			buildConfigurationList = 9DDC82C21E74CBA8008EF52C /* Build configuration list for PBXProject "MockCoreMotion" */;
			compatibilityVersion = "Xcode 3.2";
			developmentRegion = English;
			hasScannedForEncodings = 0;
			knownRegions = (
				en,
			);
			mainGroup = 9DDC82BE1E74CBA8008EF52C;
			productRefGroup = 9DDC82C91E74CBA8008EF52C /* Products */;
			projectDirPath = "";
			projectRoot = "";
			targets = (
				9DDC82C71E74CBA8008EF52C /* MockCoreMotion */,
				9DDC82D01E74CBA8008EF52C /* MockCoreMotionTests */,
			);
		};
/* End PBXProject section */

/* Begin PBXResourcesBuildPhase section */
		9DDC82C61E74CBA8008EF52C /* Resources */ = {
			isa = PBXResourcesBuildPhase;
			buildActionMask = 2147483647;
			files = (
			);
			runOnlyForDeploymentPostprocessing = 0;
		};
		9DDC82CF1E74CBA8008EF52C /* Resources */ = {
			isa = PBXResourcesBuildPhase;
			buildActionMask = 2147483647;
			files = (
			);
			runOnlyForDeploymentPostprocessing = 0;
		};
/* End PBXResourcesBuildPhase section */

/* Begin PBXSourcesBuildPhase section */
		9DDC82C31E74CBA8008EF52C /* Sources */ = {
			isa = PBXSourcesBuildPhase;
			buildActionMask = 2147483647;
			files = (
				9DDC82E61E74CD0D008EF52C /* MockCMAccelerometerData.swift in Sources */,
				9DDC83021E752E63008EF52C /* MockCMRecordedAccelerometerData.swift in Sources */,
				9DDC82EC1E752DA5008EF52C /* MockCMAttitude.swift in Sources */,
				9DDC82EE1E752DB6008EF52C /* MockCMDeviceMotion.swift in Sources */,
				9DDC82FC1E752E11008EF52C /* MockCMPedometer.swift in Sources */,
				9DDC82F41E752DD6008EF52C /* MockCMMagnetometerData.swift in Sources */,
				9DDC82FA1E752E07008EF52C /* MockCMMotionManager.swift in Sources */,
				9DDC82F81E752DFE008EF52C /* MockCMMotionActivityManager.swift in Sources */,
				9DDC82F61E752DDF008EF52C /* MockCMMotionActivity.swift in Sources */,
				9DDC83001E752E5A008EF52C /* MockCMPedometerEvent.swift in Sources */,
				9DDC83061E752E7A008EF52C /* MockCMSensorRecorder.swift in Sources */,
				9DDC82FE1E752E1E008EF52C /* MockCMPedometerData.swift in Sources */,
				9DDC82EA1E752D95008EF52C /* MockCMAltitudeData.swift in Sources */,
				9DDC82F01E752DC1008EF52C /* MockCMGyroData.swift in Sources */,
				9DDC82F21E752DCB008EF52C /* MockCMLogItem.swift in Sources */,
				9DDC82E81E752D76008EF52C /* MockCMAltimeter.swift in Sources */,
				9DDC83041E752E6E008EF52C /* MockCMSensorDataList.swift in Sources */,
			);
			runOnlyForDeploymentPostprocessing = 0;
		};
		9DDC82CD1E74CBA8008EF52C /* Sources */ = {
			isa = PBXSourcesBuildPhase;
			buildActionMask = 2147483647;
			files = (
				9DDC82D71E74CBA8008EF52C /* MockCoreMotionTests.swift in Sources */,
				9DC4811B1E77DE59007DE310 /* MockCMDeviceMotionTests.swift in Sources */,
				500E79101E75CD5600857C92 /* MockCMAccelerometerDataTests.swift in Sources */,
				500E79121E75D05200857C92 /* MockCMAltimeterTests.swift in Sources */,
				9DDC830C1E76704E008EF52C /* MockCMAttitudeTests.swift in Sources */,
				9DDC830A1E7663F8008EF52C /* MockCMAltitudeDataTests.swift in Sources */,
			);
			runOnlyForDeploymentPostprocessing = 0;
		};
/* End PBXSourcesBuildPhase section */

/* Begin PBXTargetDependency section */
		9DDC82D41E74CBA8008EF52C /* PBXTargetDependency */ = {
			isa = PBXTargetDependency;
			target = 9DDC82C71E74CBA8008EF52C /* MockCoreMotion */;
			targetProxy = 9DDC82D31E74CBA8008EF52C /* PBXContainerItemProxy */;
		};
/* End PBXTargetDependency section */

/* Begin XCBuildConfiguration section */
		9DDC82DA1E74CBA8008EF52C /* Debug */ = {
			isa = XCBuildConfiguration;
			buildSettings = {
				ALWAYS_SEARCH_USER_PATHS = NO;
				CLANG_ANALYZER_NONNULL = YES;
				CLANG_CXX_LANGUAGE_STANDARD = "gnu++0x";
				CLANG_CXX_LIBRARY = "libc++";
				CLANG_ENABLE_MODULES = YES;
				CLANG_ENABLE_OBJC_ARC = YES;
				CLANG_WARN_BOOL_CONVERSION = YES;
				CLANG_WARN_CONSTANT_CONVERSION = YES;
				CLANG_WARN_DIRECT_OBJC_ISA_USAGE = YES_ERROR;
				CLANG_WARN_DOCUMENTATION_COMMENTS = YES;
				CLANG_WARN_EMPTY_BODY = YES;
				CLANG_WARN_ENUM_CONVERSION = YES;
				CLANG_WARN_INFINITE_RECURSION = YES;
				CLANG_WARN_INT_CONVERSION = YES;
				CLANG_WARN_OBJC_ROOT_CLASS = YES_ERROR;
				CLANG_WARN_SUSPICIOUS_MOVE = YES;
				CLANG_WARN_UNREACHABLE_CODE = YES;
				CLANG_WARN__DUPLICATE_METHOD_MATCH = YES;
				"CODE_SIGN_IDENTITY[sdk=iphoneos*]" = "iPhone Developer";
				COPY_PHASE_STRIP = NO;
				CURRENT_PROJECT_VERSION = 1;
				DEBUG_INFORMATION_FORMAT = dwarf;
				ENABLE_STRICT_OBJC_MSGSEND = YES;
				ENABLE_TESTABILITY = YES;
				GCC_C_LANGUAGE_STANDARD = gnu99;
				GCC_DYNAMIC_NO_PIC = NO;
				GCC_NO_COMMON_BLOCKS = YES;
				GCC_OPTIMIZATION_LEVEL = 0;
				GCC_PREPROCESSOR_DEFINITIONS = (
					"DEBUG=1",
					"$(inherited)",
				);
				GCC_WARN_64_TO_32_BIT_CONVERSION = YES;
				GCC_WARN_ABOUT_RETURN_TYPE = YES_ERROR;
				GCC_WARN_UNDECLARED_SELECTOR = YES;
				GCC_WARN_UNINITIALIZED_AUTOS = YES_AGGRESSIVE;
				GCC_WARN_UNUSED_FUNCTION = YES;
				GCC_WARN_UNUSED_VARIABLE = YES;
				IPHONEOS_DEPLOYMENT_TARGET = 10.2;
				MTL_ENABLE_DEBUG_INFO = YES;
				ONLY_ACTIVE_ARCH = YES;
				SDKROOT = iphoneos;
				SWIFT_ACTIVE_COMPILATION_CONDITIONS = DEBUG;
				SWIFT_OPTIMIZATION_LEVEL = "-Onone";
				TARGETED_DEVICE_FAMILY = "1,2";
				VERSIONING_SYSTEM = "apple-generic";
				VERSION_INFO_PREFIX = "";
			};
			name = Debug;
		};
		9DDC82DB1E74CBA8008EF52C /* Release */ = {
			isa = XCBuildConfiguration;
			buildSettings = {
				ALWAYS_SEARCH_USER_PATHS = NO;
				CLANG_ANALYZER_NONNULL = YES;
				CLANG_CXX_LANGUAGE_STANDARD = "gnu++0x";
				CLANG_CXX_LIBRARY = "libc++";
				CLANG_ENABLE_MODULES = YES;
				CLANG_ENABLE_OBJC_ARC = YES;
				CLANG_WARN_BOOL_CONVERSION = YES;
				CLANG_WARN_CONSTANT_CONVERSION = YES;
				CLANG_WARN_DIRECT_OBJC_ISA_USAGE = YES_ERROR;
				CLANG_WARN_DOCUMENTATION_COMMENTS = YES;
				CLANG_WARN_EMPTY_BODY = YES;
				CLANG_WARN_ENUM_CONVERSION = YES;
				CLANG_WARN_INFINITE_RECURSION = YES;
				CLANG_WARN_INT_CONVERSION = YES;
				CLANG_WARN_OBJC_ROOT_CLASS = YES_ERROR;
				CLANG_WARN_SUSPICIOUS_MOVE = YES;
				CLANG_WARN_UNREACHABLE_CODE = YES;
				CLANG_WARN__DUPLICATE_METHOD_MATCH = YES;
				"CODE_SIGN_IDENTITY[sdk=iphoneos*]" = "iPhone Developer";
				COPY_PHASE_STRIP = NO;
				CURRENT_PROJECT_VERSION = 1;
				DEBUG_INFORMATION_FORMAT = "dwarf-with-dsym";
				ENABLE_NS_ASSERTIONS = NO;
				ENABLE_STRICT_OBJC_MSGSEND = YES;
				GCC_C_LANGUAGE_STANDARD = gnu99;
				GCC_NO_COMMON_BLOCKS = YES;
				GCC_WARN_64_TO_32_BIT_CONVERSION = YES;
				GCC_WARN_ABOUT_RETURN_TYPE = YES_ERROR;
				GCC_WARN_UNDECLARED_SELECTOR = YES;
				GCC_WARN_UNINITIALIZED_AUTOS = YES_AGGRESSIVE;
				GCC_WARN_UNUSED_FUNCTION = YES;
				GCC_WARN_UNUSED_VARIABLE = YES;
				IPHONEOS_DEPLOYMENT_TARGET = 10.2;
				MTL_ENABLE_DEBUG_INFO = NO;
				SDKROOT = iphoneos;
				SWIFT_OPTIMIZATION_LEVEL = "-Owholemodule";
				TARGETED_DEVICE_FAMILY = "1,2";
				VALIDATE_PRODUCT = YES;
				VERSIONING_SYSTEM = "apple-generic";
				VERSION_INFO_PREFIX = "";
			};
			name = Release;
		};
		9DDC82DD1E74CBA8008EF52C /* Debug */ = {
			isa = XCBuildConfiguration;
			buildSettings = {
				CLANG_ENABLE_MODULES = YES;
				CODE_SIGN_IDENTITY = "";
				DEFINES_MODULE = YES;
				DEVELOPMENT_TEAM = E33XT6TNN9;
				DYLIB_COMPATIBILITY_VERSION = 1;
				DYLIB_CURRENT_VERSION = 1;
				DYLIB_INSTALL_NAME_BASE = "@rpath";
				INFOPLIST_FILE = MockCoreMotion/Info.plist;
				INSTALL_PATH = "$(LOCAL_LIBRARY_DIR)/Frameworks";
				LD_RUNPATH_SEARCH_PATHS = "$(inherited) @executable_path/Frameworks @loader_path/Frameworks";
				PRODUCT_BUNDLE_IDENTIFIER = ouchunyu.MockCoreMotion;
				PRODUCT_NAME = "$(TARGET_NAME)";
				SKIP_INSTALL = YES;
				SWIFT_OPTIMIZATION_LEVEL = "-Onone";
				SWIFT_VERSION = 3.0;
			};
			name = Debug;
		};
		9DDC82DE1E74CBA8008EF52C /* Release */ = {
			isa = XCBuildConfiguration;
			buildSettings = {
				CLANG_ENABLE_MODULES = YES;
				CODE_SIGN_IDENTITY = "";
				DEFINES_MODULE = YES;
				DEVELOPMENT_TEAM = E33XT6TNN9;
				DYLIB_COMPATIBILITY_VERSION = 1;
				DYLIB_CURRENT_VERSION = 1;
				DYLIB_INSTALL_NAME_BASE = "@rpath";
				INFOPLIST_FILE = MockCoreMotion/Info.plist;
				INSTALL_PATH = "$(LOCAL_LIBRARY_DIR)/Frameworks";
				LD_RUNPATH_SEARCH_PATHS = "$(inherited) @executable_path/Frameworks @loader_path/Frameworks";
				PRODUCT_BUNDLE_IDENTIFIER = ouchunyu.MockCoreMotion;
				PRODUCT_NAME = "$(TARGET_NAME)";
				SKIP_INSTALL = YES;
				SWIFT_VERSION = 3.0;
			};
			name = Release;
		};
		9DDC82E01E74CBA8008EF52C /* Debug */ = {
			isa = XCBuildConfiguration;
			buildSettings = {
				ALWAYS_EMBED_SWIFT_STANDARD_LIBRARIES = YES;
				DEVELOPMENT_TEAM = E33XT6TNN9;
				INFOPLIST_FILE = MockCoreMotionTests/Info.plist;
				LD_RUNPATH_SEARCH_PATHS = "$(inherited) @executable_path/Frameworks @loader_path/Frameworks";
				PRODUCT_BUNDLE_IDENTIFIER = ouchunyu.MockCoreMotionTests;
				PRODUCT_NAME = "$(TARGET_NAME)";
				SWIFT_VERSION = 3.0;
			};
			name = Debug;
		};
		9DDC82E11E74CBA8008EF52C /* Release */ = {
			isa = XCBuildConfiguration;
			buildSettings = {
				ALWAYS_EMBED_SWIFT_STANDARD_LIBRARIES = YES;
				DEVELOPMENT_TEAM = E33XT6TNN9;
				INFOPLIST_FILE = MockCoreMotionTests/Info.plist;
				LD_RUNPATH_SEARCH_PATHS = "$(inherited) @executable_path/Frameworks @loader_path/Frameworks";
				PRODUCT_BUNDLE_IDENTIFIER = ouchunyu.MockCoreMotionTests;
				PRODUCT_NAME = "$(TARGET_NAME)";
				SWIFT_VERSION = 3.0;
			};
			name = Release;
		};
/* End XCBuildConfiguration section */

/* Begin XCConfigurationList section */
		9DDC82C21E74CBA8008EF52C /* Build configuration list for PBXProject "MockCoreMotion" */ = {
			isa = XCConfigurationList;
			buildConfigurations = (
				9DDC82DA1E74CBA8008EF52C /* Debug */,
				9DDC82DB1E74CBA8008EF52C /* Release */,
			);
			defaultConfigurationIsVisible = 0;
			defaultConfigurationName = Release;
		};
		9DDC82DC1E74CBA8008EF52C /* Build configuration list for PBXNativeTarget "MockCoreMotion" */ = {
			isa = XCConfigurationList;
			buildConfigurations = (
				9DDC82DD1E74CBA8008EF52C /* Debug */,
				9DDC82DE1E74CBA8008EF52C /* Release */,
			);
			defaultConfigurationIsVisible = 0;
			defaultConfigurationName = Release;
		};
		9DDC82DF1E74CBA8008EF52C /* Build configuration list for PBXNativeTarget "MockCoreMotionTests" */ = {
			isa = XCConfigurationList;
			buildConfigurations = (
				9DDC82E01E74CBA8008EF52C /* Debug */,
				9DDC82E11E74CBA8008EF52C /* Release */,
			);
			defaultConfigurationIsVisible = 0;
			defaultConfigurationName = Release;
		};
/* End XCConfigurationList section */
	};
	rootObject = 9DDC82BF1E74CBA8008EF52C /* Project object */;
}
